
Microsoft Visual Studio Solution File, Format Version 12.00
Project("{F2A71F9B-5D33-465A-A702-920D77279786}") = "journey-markdown-converter", "src/journey-markdown-converter.fsproj", "{F48C84DC-277B-4C1D-AC49-8832BA7100D5}"
EndProject
Project("{F2A71F9B-5D33-465A-A702-920D77279786}") = "tests", "tests\tests.fsproj", "{256F5D56-E258-42FC-86E9-D2971089E481}"
EndProject
Project("{9A19103F-16F7-4668-BE54-9A1E7A4F7556}") = "_build", "build\_build.csproj", "{64EFCEA3-5C0D-48F7-928D-D46B31624473}"
EndProject
Global
	GlobalSection(SolutionConfigurationPlatforms) = preSolution
		Debug|Any CPU = Debug|Any CPU
		Release|Any CPU = Release|Any CPU
	EndGlobalSection
	GlobalSection(ProjectConfigurationPlatforms) = postSolution
		{64EFCEA3-5C0D-48F7-928D-D46B31624473}.Debug|Any CPU.ActiveCfg = Debug|Any CPU
		{64EFCEA3-5C0D-48F7-928D-D46B31624473}.Release|Any CPU.ActiveCfg = Release|Any CPU
		{F48C84DC-277B-4C1D-AC49-8832BA7100D5}.Debug|Any CPU.ActiveCfg = Debug|Any CPU
		{F48C84DC-277B-4C1D-AC49-8832BA7100D5}.Debug|Any CPU.Build.0 = Debug|Any CPU
		{F48C84DC-277B-4C1D-AC49-8832BA7100D5}.Release|Any CPU.ActiveCfg = Release|Any CPU
		{F48C84DC-277B-4C1D-AC49-8832BA7100D5}.Release|Any CPU.Build.0 = Release|Any CPU
		{256F5D56-E258-42FC-86E9-D2971089E481}.Debug|Any CPU.ActiveCfg = Debug|Any CPU
		{256F5D56-E258-42FC-86E9-D2971089E481}.Debug|Any CPU.Build.0 = Debug|Any CPU
		{256F5D56-E258-42FC-86E9-D2971089E481}.Release|Any CPU.ActiveCfg = Release|Any CPU
		{256F5D56-E258-42FC-86E9-D2971089E481}.Release|Any CPU.Build.0 = Release|Any CPU
	EndGlobalSection
EndGlobal
